
Microsoft Visual Studio Solution File, Format Version 12.00
# Visual Studio Version 16
VisualStudioVersion = 16.0.30907.101
MinimumVisualStudioVersion = 10.0.40219.1
Project("{FAE04EC0-301F-11D3-BF4B-00C04F79EFBC}") = "MAGO.Api", "MAGO.Api\MAGO.Api.csproj", "{A5F0C177-02A5-4016-BC7B-1D6DECB18142}"
EndProject
Project("{FAE04EC0-301F-11D3-BF4B-00C04F79EFBC}") = "MAGO.Core", "MAGO.Core\MAGO.Core.csproj", "{6BA62A9B-1D67-49B7-B0C8-61B1DCD8C6BB}"
EndProject
Global
	GlobalSection(SolutionConfigurationPlatforms) = preSolution
		Debug|Any CPU = Debug|Any CPU
		Release|Any CPU = Release|Any CPU
	EndGlobalSection
	GlobalSection(ProjectConfigurationPlatforms) = postSolution
		{A5F0C177-02A5-4016-BC7B-1D6DECB18142}.Debug|Any CPU.ActiveCfg = Debug|Any CPU
		{A5F0C177-02A5-4016-BC7B-1D6DECB18142}.Debug|Any CPU.Build.0 = Debug|Any CPU
		{A5F0C177-02A5-4016-BC7B-1D6DECB18142}.Release|Any CPU.ActiveCfg = Release|Any CPU
		{A5F0C177-02A5-4016-BC7B-1D6DECB18142}.Release|Any CPU.Build.0 = Release|Any CPU
		{6BA62A9B-1D67-49B7-B0C8-61B1DCD8C6BB}.Debug|Any CPU.ActiveCfg = Debug|Any CPU
		{6BA62A9B-1D67-49B7-B0C8-61B1DCD8C6BB}.Debug|Any CPU.Build.0 = Debug|Any CPU
		{6BA62A9B-1D67-49B7-B0C8-61B1DCD8C6BB}.Release|Any CPU.ActiveCfg = Release|Any CPU
		{6BA62A9B-1D67-49B7-B0C8-61B1DCD8C6BB}.Release|Any CPU.Build.0 = Release|Any CPU
	EndGlobalSection
	GlobalSection(SolutionProperties) = preSolution
		HideSolutionNode = FALSE
	EndGlobalSection
	GlobalSection(ExtensibilityGlobals) = postSolution
		SolutionGuid = {0185F494-DABF-4EE6-B81B-A8D44E42F86C}
	EndGlobalSection
EndGlobal
